
Microsoft Visual Studio Solution File, Format Version 12.00
# Visual Studio Version 16
VisualStudioVersion = 16.0.31129.286
MinimumVisualStudioVersion = 10.0.40219.1
Project("{FAE04EC0-301F-11D3-BF4B-00C04F79EFBC}") = "Sleeper", "Sleeper\Sleeper.csproj", "{25D31A65-AF73-491A-AA87-4CE56803FF6F}"
EndProject
Project("{FAE04EC0-301F-11D3-BF4B-00C04F79EFBC}") = "TestSleeper", "TestSleeper\TestSleeper.csproj", "{877CA781-C930-4AD8-AD18-87419AC26B79}"
EndProject
Global
	GlobalSection(SolutionConfigurationPlatforms) = preSolution
		Debug|Any CPU = Debug|Any CPU
		Release|Any CPU = Release|Any CPU
	EndGlobalSection
	GlobalSection(ProjectConfigurationPlatforms) = postSolution
		{25D31A65-AF73-491A-AA87-4CE56803FF6F}.Debug|Any CPU.ActiveCfg = Debug|Any CPU
		{25D31A65-AF73-491A-AA87-4CE56803FF6F}.Debug|Any CPU.Build.0 = Debug|Any CPU
		{25D31A65-AF73-491A-AA87-4CE56803FF6F}.Release|Any CPU.ActiveCfg = Release|Any CPU
		{25D31A65-AF73-491A-AA87-4CE56803FF6F}.Release|Any CPU.Build.0 = Release|Any CPU
		{877CA781-C930-4AD8-AD18-87419AC26B79}.Debug|Any CPU.ActiveCfg = Debug|Any CPU
		{877CA781-C930-4AD8-AD18-87419AC26B79}.Debug|Any CPU.Build.0 = Debug|Any CPU
		{877CA781-C930-4AD8-AD18-87419AC26B79}.Release|Any CPU.ActiveCfg = Release|Any CPU
		{877CA781-C930-4AD8-AD18-87419AC26B79}.Release|Any CPU.Build.0 = Release|Any CPU
	EndGlobalSection
	GlobalSection(SolutionProperties) = preSolution
		HideSolutionNode = FALSE
	EndGlobalSection
	GlobalSection(ExtensibilityGlobals) = postSolution
		SolutionGuid = {26188883-76C4-46E2-A48C-C5FE0763B42A}
	EndGlobalSection
EndGlobal
