<?xml version="1.0" encoding="utf-8"?>
<RevitAddIns>
  <AddIn Type="Command">
    <Name>Lab1PlaceGroup</Name>
    <FullClassName>tut01.Tutor01</FullClassName>
    <Text>Lab1PlaceGroup TEXT</Text>
    <Description>Places the Group at Particular Point</Description>
    <VisibilityMode>AlwaysVisible</VisibilityMode>
    <Assembly>F:\revit\works\tutorials\lesson1\lesson1\bin\Debug\lesson1.dll</Assembly>
    <AddInId>502fe383-2648-4e98-adf8-5e6047f9dc34</AddInId>
    <VendorId>IFRS</VendorId>
    <VendorDescription>Inforise, Inc, inforise.com.cn</VendorDescription>
  </AddIn>

  <AddIn Type="Command">
    <Name>TestConn</Name>
    <FullClassName>tut01.TestConn</FullClassName>
    <Text>TestConn TEXT</Text>
    <Description>Test Connection</Description>
    <VisibilityMode>AlwaysVisible</VisibilityMode>
    <Assembly>F:\revit\works\tutorials\lesson1\lesson1\bin\Debug\lesson1.dll</Assembly>
    <AddInId>abcdefab-aaaa-aaaa-aaaa-111111111111</AddInId>
    <VendorId>IFRS</VendorId>
    <VendorDescription>Inforise, Inc, inforise.com.cn</VendorDescription>
  </AddIn>

  <AddIn Type="Application">
    <Name>My sample application</Name>
    <Assembly>F:\revit\works\tutorials\lesson1\lesson1\bin\Debug\lesson1.dll</Assembly>
    <AddInId>17760704-F742-4951-8576-C261D1993107</AddInId>
    <FullClassName>io.odysz.hello.revit.Ex01</FullClassName>
    <VendorId>IFRS</VendorId>
    <VendorDescription>Inforise, Inc, inforise.com.cn</VendorDescription>
  </AddIn>
</RevitAddIns>