
Microsoft Visual Studio Solution File, Format Version 12.00
# Visual Studio Version 17
VisualStudioVersion = 17.8.34322.80
MinimumVisualStudioVersion = 10.0.40219.1
Project("{8BC9CEB8-8B4A-11D0-8D11-00A0C91BC942}") = "q599", "q599.vcxproj", "{DB9CD698-8220-4E3D-BF35-64D62B80CA0D}"
EndProject
Global
	GlobalSection(SolutionConfigurationPlatforms) = preSolution
		Debug|x64 = Debug|x64
		Debug|x86 = Debug|x86
		Release|x64 = Release|x64
		Release|x86 = Release|x86
	EndGlobalSection
	GlobalSection(ProjectConfigurationPlatforms) = postSolution
		{DB9CD698-8220-4E3D-BF35-64D62B80CA0D}.Debug|x64.ActiveCfg = Debug|x64
		{DB9CD698-8220-4E3D-BF35-64D62B80CA0D}.Debug|x64.Build.0 = Debug|x64
		{DB9CD698-8220-4E3D-BF35-64D62B80CA0D}.Debug|x86.ActiveCfg = Debug|Win32
		{DB9CD698-8220-4E3D-BF35-64D62B80CA0D}.Debug|x86.Build.0 = Debug|Win32
		{DB9CD698-8220-4E3D-BF35-64D62B80CA0D}.Release|x64.ActiveCfg = Release|x64
		{DB9CD698-8220-4E3D-BF35-64D62B80CA0D}.Release|x64.Build.0 = Release|x64
		{DB9CD698-8220-4E3D-BF35-64D62B80CA0D}.Release|x86.ActiveCfg = Release|Win32
		{DB9CD698-8220-4E3D-BF35-64D62B80CA0D}.Release|x86.Build.0 = Release|Win32
	EndGlobalSection
	GlobalSection(SolutionProperties) = preSolution
		HideSolutionNode = FALSE
	EndGlobalSection
	GlobalSection(ExtensibilityGlobals) = postSolution
		SolutionGuid = {34C03019-3DDB-4750-9B53-60E2FD350E79}
	EndGlobalSection
EndGlobal
